
Microsoft Visual Studio Solution File, Format Version 12.00
# Visual Studio Version 17
VisualStudioVersion = 17.9.34728.123
MinimumVisualStudioVersion = 10.0.40219.1
Project("{FAE04EC0-301F-11D3-BF4B-00C04F79EFBC}") = "Ejercicio2", "Ejercicio2\Ejercicio2.csproj", "{8C2306DD-6432-47E5-9633-098B0B7FBAEC}"
EndProject
Global
	GlobalSection(SolutionConfigurationPlatforms) = preSolution
		Debug|Any CPU = Debug|Any CPU
		Release|Any CPU = Release|Any CPU
	EndGlobalSection
	GlobalSection(ProjectConfigurationPlatforms) = postSolution
		{8C2306DD-6432-47E5-9633-098B0B7FBAEC}.Debug|Any CPU.ActiveCfg = Debug|Any CPU
		{8C2306DD-6432-47E5-9633-098B0B7FBAEC}.Debug|Any CPU.Build.0 = Debug|Any CPU
		{8C2306DD-6432-47E5-9633-098B0B7FBAEC}.Debug|Any CPU.Deploy.0 = Debug|Any CPU
		{8C2306DD-6432-47E5-9633-098B0B7FBAEC}.Release|Any CPU.ActiveCfg = Release|Any CPU
		{8C2306DD-6432-47E5-9633-098B0B7FBAEC}.Release|Any CPU.Build.0 = Release|Any CPU
		{8C2306DD-6432-47E5-9633-098B0B7FBAEC}.Release|Any CPU.Deploy.0 = Release|Any CPU
	EndGlobalSection
	GlobalSection(SolutionProperties) = preSolution
		HideSolutionNode = FALSE
	EndGlobalSection
	GlobalSection(ExtensibilityGlobals) = postSolution
		SolutionGuid = {E09D60CC-39DA-472A-952A-1CC98A0F1E76}
	EndGlobalSection
EndGlobal
